
Microsoft Visual Studio Solution File, Format Version 12.00
# Visual Studio 15
VisualStudioVersion = 15.0.27703.2018
MinimumVisualStudioVersion = 10.0.40219.1
Project("{FAE04EC0-301F-11D3-BF4B-00C04F79EFBC}") = "BensAssignment5", "BensAssignment5\BensAssignment5.csproj", "{A2113F76-6047-4F55-8E28-E33B67ADD6C5}"
EndProject
Global
	GlobalSection(SolutionConfigurationPlatforms) = preSolution
		Debug|Any CPU = Debug|Any CPU
		Release|Any CPU = Release|Any CPU
	EndGlobalSection
	GlobalSection(ProjectConfigurationPlatforms) = postSolution
		{A2113F76-6047-4F55-8E28-E33B67ADD6C5}.Debug|Any CPU.ActiveCfg = Debug|Any CPU
		{A2113F76-6047-4F55-8E28-E33B67ADD6C5}.Debug|Any CPU.Build.0 = Debug|Any CPU
		{A2113F76-6047-4F55-8E28-E33B67ADD6C5}.Release|Any CPU.ActiveCfg = Release|Any CPU
		{A2113F76-6047-4F55-8E28-E33B67ADD6C5}.Release|Any CPU.Build.0 = Release|Any CPU
	EndGlobalSection
	GlobalSection(SolutionProperties) = preSolution
		HideSolutionNode = FALSE
	EndGlobalSection
	GlobalSection(ExtensibilityGlobals) = postSolution
		SolutionGuid = {0899AD67-7365-4855-82EF-5F6D71834B1F}
	EndGlobalSection
EndGlobal
